
Microsoft Visual Studio Solution File, Format Version 12.00
# Visual Studio Version 16
VisualStudioVersion = 16.0.29926.136
MinimumVisualStudioVersion = 10.0.40219.1
Project("{2150E333-8FDC-42A3-9474-1A3956D46DE8}") = "Api", "Api", "{5EED771A-FF16-4EA5-82EA-93681CE617EB}"
EndProject
Project("{2150E333-8FDC-42A3-9474-1A3956D46DE8}") = "App", "App", "{3322D964-0657-4CEE-A028-CD6A6204A94F}"
EndProject
Project("{FAE04EC0-301F-11D3-BF4B-00C04F79EFBC}") = "Api.Web", "Api\Api.Web\Api.Web.csproj", "{FEA98F0C-DB16-454A-81A8-ED7F227728E9}"
EndProject
Project("{FAE04EC0-301F-11D3-BF4B-00C04F79EFBC}") = "Api.Repo", "Api\Api.Repo\Api.Repo.csproj", "{87C7A2FD-A23B-48EF-9F9C-7A260C9DE94C}"
EndProject
Project("{FAE04EC0-301F-11D3-BF4B-00C04F79EFBC}") = "Api.Share", "Api\Api.Share\Api.Share.csproj", "{1A299C2E-39F1-4FD4-967B-D5EDF58AB73C}"
EndProject
Project("{FAE04EC0-301F-11D3-BF4B-00C04F79EFBC}") = "App.Web", "App\App.Web\App.Web.csproj", "{E259B4BD-ED14-4836-B6BB-FFBB464914E1}"
EndProject
Project("{FAE04EC0-301F-11D3-BF4B-00C04F79EFBC}") = "App.ConnectApi", "App\App.ConnectApi\App.ConnectApi.csproj", "{B2CC4FC9-A7A4-42A6-951E-8051F7E01D23}"
EndProject
Project("{FAE04EC0-301F-11D3-BF4B-00C04F79EFBC}") = "App.WinServiceCron", "App\App.WinServiceCron\App.WinServiceCron.csproj", "{37C6FE65-C5E0-42E2-86D4-ECD4CBA6B2C3}"
EndProject
Project("{FAE04EC0-301F-11D3-BF4B-00C04F79EFBC}") = "App.WebClient", "App\App.WebClient\App.WebClient.csproj", "{1F6F1A2D-5104-457B-A3DA-D90135096FDA}"
EndProject
Project("{2150E333-8FDC-42A3-9474-1A3956D46DE8}") = "Testing", "Testing", "{12C457E2-3781-4A5F-BC93-CC5C22714B3E}"
EndProject
Project("{FAE04EC0-301F-11D3-BF4B-00C04F79EFBC}") = "UnitTest", "Testing\UnitTest\UnitTest.csproj", "{DB9EA153-8F4B-4A6F-976B-96087A355AA1}"
EndProject
Project("{FAE04EC0-301F-11D3-BF4B-00C04F79EFBC}") = "App.ConsolePk", "App\App.ConsolePk\App.ConsolePk.csproj", "{A0107075-DC8A-4E61-858C-7D2A9E6823EB}"
EndProject
Global
	GlobalSection(SolutionConfigurationPlatforms) = preSolution
		Debug|Any CPU = Debug|Any CPU
		Release|Any CPU = Release|Any CPU
	EndGlobalSection
	GlobalSection(ProjectConfigurationPlatforms) = postSolution
		{FEA98F0C-DB16-454A-81A8-ED7F227728E9}.Debug|Any CPU.ActiveCfg = Debug|Any CPU
		{FEA98F0C-DB16-454A-81A8-ED7F227728E9}.Debug|Any CPU.Build.0 = Debug|Any CPU
		{FEA98F0C-DB16-454A-81A8-ED7F227728E9}.Release|Any CPU.ActiveCfg = Release|Any CPU
		{FEA98F0C-DB16-454A-81A8-ED7F227728E9}.Release|Any CPU.Build.0 = Release|Any CPU
		{87C7A2FD-A23B-48EF-9F9C-7A260C9DE94C}.Debug|Any CPU.ActiveCfg = Debug|Any CPU
		{87C7A2FD-A23B-48EF-9F9C-7A260C9DE94C}.Debug|Any CPU.Build.0 = Debug|Any CPU
		{87C7A2FD-A23B-48EF-9F9C-7A260C9DE94C}.Release|Any CPU.ActiveCfg = Release|Any CPU
		{87C7A2FD-A23B-48EF-9F9C-7A260C9DE94C}.Release|Any CPU.Build.0 = Release|Any CPU
		{1A299C2E-39F1-4FD4-967B-D5EDF58AB73C}.Debug|Any CPU.ActiveCfg = Debug|Any CPU
		{1A299C2E-39F1-4FD4-967B-D5EDF58AB73C}.Debug|Any CPU.Build.0 = Debug|Any CPU
		{1A299C2E-39F1-4FD4-967B-D5EDF58AB73C}.Release|Any CPU.ActiveCfg = Release|Any CPU
		{1A299C2E-39F1-4FD4-967B-D5EDF58AB73C}.Release|Any CPU.Build.0 = Release|Any CPU
		{E259B4BD-ED14-4836-B6BB-FFBB464914E1}.Debug|Any CPU.ActiveCfg = Debug|Any CPU
		{E259B4BD-ED14-4836-B6BB-FFBB464914E1}.Debug|Any CPU.Build.0 = Debug|Any CPU
		{E259B4BD-ED14-4836-B6BB-FFBB464914E1}.Release|Any CPU.ActiveCfg = Release|Any CPU
		{E259B4BD-ED14-4836-B6BB-FFBB464914E1}.Release|Any CPU.Build.0 = Release|Any CPU
		{B2CC4FC9-A7A4-42A6-951E-8051F7E01D23}.Debug|Any CPU.ActiveCfg = Debug|Any CPU
		{B2CC4FC9-A7A4-42A6-951E-8051F7E01D23}.Debug|Any CPU.Build.0 = Debug|Any CPU
		{B2CC4FC9-A7A4-42A6-951E-8051F7E01D23}.Release|Any CPU.ActiveCfg = Release|Any CPU
		{B2CC4FC9-A7A4-42A6-951E-8051F7E01D23}.Release|Any CPU.Build.0 = Release|Any CPU
		{37C6FE65-C5E0-42E2-86D4-ECD4CBA6B2C3}.Debug|Any CPU.ActiveCfg = Debug|Any CPU
		{37C6FE65-C5E0-42E2-86D4-ECD4CBA6B2C3}.Debug|Any CPU.Build.0 = Debug|Any CPU
		{37C6FE65-C5E0-42E2-86D4-ECD4CBA6B2C3}.Release|Any CPU.ActiveCfg = Release|Any CPU
		{37C6FE65-C5E0-42E2-86D4-ECD4CBA6B2C3}.Release|Any CPU.Build.0 = Release|Any CPU
		{1F6F1A2D-5104-457B-A3DA-D90135096FDA}.Debug|Any CPU.ActiveCfg = Debug|Any CPU
		{1F6F1A2D-5104-457B-A3DA-D90135096FDA}.Debug|Any CPU.Build.0 = Debug|Any CPU
		{1F6F1A2D-5104-457B-A3DA-D90135096FDA}.Release|Any CPU.ActiveCfg = Release|Any CPU
		{1F6F1A2D-5104-457B-A3DA-D90135096FDA}.Release|Any CPU.Build.0 = Release|Any CPU
		{DB9EA153-8F4B-4A6F-976B-96087A355AA1}.Debug|Any CPU.ActiveCfg = Debug|Any CPU
		{DB9EA153-8F4B-4A6F-976B-96087A355AA1}.Debug|Any CPU.Build.0 = Debug|Any CPU
		{DB9EA153-8F4B-4A6F-976B-96087A355AA1}.Release|Any CPU.ActiveCfg = Release|Any CPU
		{DB9EA153-8F4B-4A6F-976B-96087A355AA1}.Release|Any CPU.Build.0 = Release|Any CPU
		{A0107075-DC8A-4E61-858C-7D2A9E6823EB}.Debug|Any CPU.ActiveCfg = Debug|Any CPU
		{A0107075-DC8A-4E61-858C-7D2A9E6823EB}.Debug|Any CPU.Build.0 = Debug|Any CPU
		{A0107075-DC8A-4E61-858C-7D2A9E6823EB}.Release|Any CPU.ActiveCfg = Release|Any CPU
		{A0107075-DC8A-4E61-858C-7D2A9E6823EB}.Release|Any CPU.Build.0 = Release|Any CPU
	EndGlobalSection
	GlobalSection(SolutionProperties) = preSolution
		HideSolutionNode = FALSE
	EndGlobalSection
	GlobalSection(NestedProjects) = preSolution
		{FEA98F0C-DB16-454A-81A8-ED7F227728E9} = {5EED771A-FF16-4EA5-82EA-93681CE617EB}
		{87C7A2FD-A23B-48EF-9F9C-7A260C9DE94C} = {5EED771A-FF16-4EA5-82EA-93681CE617EB}
		{1A299C2E-39F1-4FD4-967B-D5EDF58AB73C} = {5EED771A-FF16-4EA5-82EA-93681CE617EB}
		{E259B4BD-ED14-4836-B6BB-FFBB464914E1} = {3322D964-0657-4CEE-A028-CD6A6204A94F}
		{B2CC4FC9-A7A4-42A6-951E-8051F7E01D23} = {3322D964-0657-4CEE-A028-CD6A6204A94F}
		{37C6FE65-C5E0-42E2-86D4-ECD4CBA6B2C3} = {3322D964-0657-4CEE-A028-CD6A6204A94F}
		{1F6F1A2D-5104-457B-A3DA-D90135096FDA} = {3322D964-0657-4CEE-A028-CD6A6204A94F}
		{DB9EA153-8F4B-4A6F-976B-96087A355AA1} = {12C457E2-3781-4A5F-BC93-CC5C22714B3E}
		{A0107075-DC8A-4E61-858C-7D2A9E6823EB} = {3322D964-0657-4CEE-A028-CD6A6204A94F}
	EndGlobalSection
	GlobalSection(ExtensibilityGlobals) = postSolution
		SolutionGuid = {ABDC2B35-899F-45F9-ADFE-3D016D24AB1A}
	EndGlobalSection
EndGlobal
